
Microsoft Visual Studio Solution File, Format Version 9.00
# Visual C# Express 2005
Project("{FAE04EC0-301F-11D3-BF4B-00C04F79EFBC}") = "WhileLoops", "WhileLoops\WhileLoops.csproj", "{2711AAD2-0C13-435F-8A31-1DA43F9289E4}"
EndProject
Global
	GlobalSection(SolutionConfigurationPlatforms) = preSolution
		Debug|Any CPU = Debug|Any CPU
		Release|Any CPU = Release|Any CPU
	EndGlobalSection
	GlobalSection(ProjectConfigurationPlatforms) = postSolution
		{2711AAD2-0C13-435F-8A31-1DA43F9289E4}.Debug|Any CPU.ActiveCfg = Debug|Any CPU
		{2711AAD2-0C13-435F-8A31-1DA43F9289E4}.Debug|Any CPU.Build.0 = Debug|Any CPU
		{2711AAD2-0C13-435F-8A31-1DA43F9289E4}.Release|Any CPU.ActiveCfg = Release|Any CPU
		{2711AAD2-0C13-435F-8A31-1DA43F9289E4}.Release|Any CPU.Build.0 = Release|Any CPU
	EndGlobalSection
	GlobalSection(SolutionProperties) = preSolution
		HideSolutionNode = FALSE
	EndGlobalSection
EndGlobal
