
Microsoft Visual Studio Solution File, Format Version 9.00
# Visual C# Express 2005
Project("{FAE04EC0-301F-11D3-BF4B-00C04F79EFBC}") = "ValidatingTextBoxes", "ValidatingTextBoxes\ValidatingTextBoxes.csproj", "{33135031-539B-4535-AB22-07D1D6B27911}"
EndProject
Global
	GlobalSection(SolutionConfigurationPlatforms) = preSolution
		Debug|Any CPU = Debug|Any CPU
		Release|Any CPU = Release|Any CPU
	EndGlobalSection
	GlobalSection(ProjectConfigurationPlatforms) = postSolution
		{33135031-539B-4535-AB22-07D1D6B27911}.Debug|Any CPU.ActiveCfg = Debug|Any CPU
		{33135031-539B-4535-AB22-07D1D6B27911}.Debug|Any CPU.Build.0 = Debug|Any CPU
		{33135031-539B-4535-AB22-07D1D6B27911}.Release|Any CPU.ActiveCfg = Release|Any CPU
		{33135031-539B-4535-AB22-07D1D6B27911}.Release|Any CPU.Build.0 = Release|Any CPU
	EndGlobalSection
	GlobalSection(SolutionProperties) = preSolution
		HideSolutionNode = FALSE
	EndGlobalSection
EndGlobal
