
Microsoft Visual Studio Solution File, Format Version 9.00
# Visual C# Express 2005
Project("{FAE04EC0-301F-11D3-BF4B-00C04F79EFBC}") = "CommonDialogs", "CommonDialogs\CommonDialogs.csproj", "{645E616A-786B-4508-B351-BFD1F0E3E4DF}"
EndProject
Global
	GlobalSection(SolutionConfigurationPlatforms) = preSolution
		Debug|Any CPU = Debug|Any CPU
		Release|Any CPU = Release|Any CPU
	EndGlobalSection
	GlobalSection(ProjectConfigurationPlatforms) = postSolution
		{645E616A-786B-4508-B351-BFD1F0E3E4DF}.Debug|Any CPU.ActiveCfg = Debug|Any CPU
		{645E616A-786B-4508-B351-BFD1F0E3E4DF}.Debug|Any CPU.Build.0 = Debug|Any CPU
		{645E616A-786B-4508-B351-BFD1F0E3E4DF}.Release|Any CPU.ActiveCfg = Release|Any CPU
		{645E616A-786B-4508-B351-BFD1F0E3E4DF}.Release|Any CPU.Build.0 = Release|Any CPU
	EndGlobalSection
	GlobalSection(SolutionProperties) = preSolution
		HideSolutionNode = FALSE
	EndGlobalSection
EndGlobal
