
Microsoft Visual Studio Solution File, Format Version 9.00
# Visual C# Express 2005
Project("{FAE04EC0-301F-11D3-BF4B-00C04F79EFBC}") = "MDIApplication", "MDIApplication\MDIApplication.csproj", "{B32A256A-D58F-4EC3-8BD1-45EAF46B5B3D}"
EndProject
Global
	GlobalSection(SolutionConfigurationPlatforms) = preSolution
		Debug|Any CPU = Debug|Any CPU
		Release|Any CPU = Release|Any CPU
	EndGlobalSection
	GlobalSection(ProjectConfigurationPlatforms) = postSolution
		{B32A256A-D58F-4EC3-8BD1-45EAF46B5B3D}.Debug|Any CPU.ActiveCfg = Debug|Any CPU
		{B32A256A-D58F-4EC3-8BD1-45EAF46B5B3D}.Debug|Any CPU.Build.0 = Debug|Any CPU
		{B32A256A-D58F-4EC3-8BD1-45EAF46B5B3D}.Release|Any CPU.ActiveCfg = Release|Any CPU
		{B32A256A-D58F-4EC3-8BD1-45EAF46B5B3D}.Release|Any CPU.Build.0 = Release|Any CPU
	EndGlobalSection
	GlobalSection(SolutionProperties) = preSolution
		HideSolutionNode = FALSE
	EndGlobalSection
EndGlobal
